
Microsoft Visual Studio Solution File, Format Version 12.00
# Visual Studio Version 17
VisualStudioVersion = 17.4.33213.308
MinimumVisualStudioVersion = 10.0.40219.1
Project("{FAE04EC0-301F-11D3-BF4B-00C04F79EFBC}") = "SalesWebMvc", "SalesWebMvc\SalesWebMvc.csproj", "{900D9C99-8A6C-4AF0-95C5-427E28CE560F}"
EndProject
Global
	GlobalSection(SolutionConfigurationPlatforms) = preSolution
		Debug|Any CPU = Debug|Any CPU
		Release|Any CPU = Release|Any CPU
	EndGlobalSection
	GlobalSection(ProjectConfigurationPlatforms) = postSolution
		{900D9C99-8A6C-4AF0-95C5-427E28CE560F}.Debug|Any CPU.ActiveCfg = Debug|Any CPU
		{900D9C99-8A6C-4AF0-95C5-427E28CE560F}.Debug|Any CPU.Build.0 = Debug|Any CPU
		{900D9C99-8A6C-4AF0-95C5-427E28CE560F}.Release|Any CPU.ActiveCfg = Release|Any CPU
		{900D9C99-8A6C-4AF0-95C5-427E28CE560F}.Release|Any CPU.Build.0 = Release|Any CPU
	EndGlobalSection
	GlobalSection(SolutionProperties) = preSolution
		HideSolutionNode = FALSE
	EndGlobalSection
	GlobalSection(ExtensibilityGlobals) = postSolution
		SolutionGuid = {91BA72C6-E454-4C0F-81A6-06F7E9667973}
	EndGlobalSection
EndGlobal
